
Microsoft Visual Studio Solution File, Format Version 12.00
# Visual Studio Version 17
VisualStudioVersion = 17.8.34330.188
MinimumVisualStudioVersion = 10.0.40219.1
Project("{FAE04EC0-301F-11D3-BF4B-00C04F79EFBC}") = "ООАП лаба 3", "ООАП лаба 3\ООАП лаба 3.csproj", "{302C0A25-98C4-4F5A-8DB7-95A57C143D7C}"
EndProject
Global
	GlobalSection(SolutionConfigurationPlatforms) = preSolution
		Debug|Any CPU = Debug|Any CPU
		Release|Any CPU = Release|Any CPU
	EndGlobalSection
	GlobalSection(ProjectConfigurationPlatforms) = postSolution
		{302C0A25-98C4-4F5A-8DB7-95A57C143D7C}.Debug|Any CPU.ActiveCfg = Debug|Any CPU
		{302C0A25-98C4-4F5A-8DB7-95A57C143D7C}.Debug|Any CPU.Build.0 = Debug|Any CPU
		{302C0A25-98C4-4F5A-8DB7-95A57C143D7C}.Release|Any CPU.ActiveCfg = Release|Any CPU
		{302C0A25-98C4-4F5A-8DB7-95A57C143D7C}.Release|Any CPU.Build.0 = Release|Any CPU
	EndGlobalSection
	GlobalSection(SolutionProperties) = preSolution
		HideSolutionNode = FALSE
	EndGlobalSection
	GlobalSection(ExtensibilityGlobals) = postSolution
		SolutionGuid = {20B111F5-E281-4630-AE9B-82F0BEC47BF6}
	EndGlobalSection
EndGlobal
